github.com/LiamHaworth/go-tproxy v0.0.0-20190726054950-ef7efd7f24ed h1:eqa6queieK8SvoszxCu0WwH7lSVeL4/N/f1JwOMw1G4=
github.com/LiamHaworth/go-tproxy v0.0.0-20190726054950-ef7efd7f24ed/go.mod h1:rA52xkgZwql9LRZXWb2arHEFP6qSR48KY2xOfWzEciQ=
golang.org/x/sys v0.7.0 h1:3jlCCIQZPdOYu1h8BkNvLz8Kgwtae2cagcG/VamtZRU=
golang.org/x/sys v0.7.0/go.mod h1:oPkhp1MJrh7nUepCBck5+mAzfO9JrbApNNgaTdGDITg=
